// !$*UTF8*$!
{
	archiveVersion = 1;
	classes = {
	};
	objectVersion = 46;
	objects = {

/* Begin PBXBuildFile section */
		A2E8A07B1BE7D89700505036 /* AppDelegate.swift in Sources */ = {isa = PBXBuildFile; fileRef = A2E8A07A1BE7D89700505036 /* AppDelegate.swift */; };
		A2E8A07D1BE7D89700505036 /* ViewController.swift in Sources */ = {isa = PBXBuildFile; fileRef = A2E8A07C1BE7D89700505036 /* ViewController.swift */; };
		A2E8A0801BE7D89700505036 /* Main.storyboard in Resources */ = {isa = PBXBuildFile; fileRef = A2E8A07E1BE7D89700505036 /* Main.storyboard */; };
		A2E8A0821BE7D89700505036 /* Assets.xcassets in Resources */ = {isa = PBXBuildFile; fileRef = A2E8A0811BE7D89700505036 /* Assets.xcassets */; };
		A2E8A0851BE7D89700505036 /* LaunchScreen.storyboard in Resources */ = {isa = PBXBuildFile; fileRef = A2E8A0831BE7D89700505036 /* LaunchScreen.storyboard */; };
		A2E8A08D1BE7DA2000505036 /* TableViewController.swift in Sources */ = {isa = PBXBuildFile; fileRef = A2E8A08C1BE7DA2000505036 /* TableViewController.swift */; };
		A2E8A0911BE8724E00505036 /* CustomTabController.swift in Sources */ = {isa = PBXBuildFile; fileRef = A2E8A0901BE8724E00505036 /* CustomTabController.swift */; };
/* End PBXBuildFile section */

/* Begin PBXFileReference section */
		A2E8A0771BE7D89700505036 /* SendMessage.app */ = {isa = PBXFileReference; explicitFileType = wrapper.application; includeInIndex = 0; path = SendMessage.app; sourceTree = BUILT_PRODUCTS_DIR; };
		A2E8A07A1BE7D89700505036 /* AppDelegate.swift */ = {isa = PBXFileReference; lastKnownFileType = sourcecode.swift; path = AppDelegate.swift; sourceTree = "<group>"; };
		A2E8A07C1BE7D89700505036 /* ViewController.swift */ = {isa = PBXFileReference; lastKnownFileType = sourcecode.swift; path = ViewController.swift; sourceTree = "<group>"; };
		A2E8A07F1BE7D89700505036 /* Base */ = {isa = PBXFileReference; lastKnownFileType = file.storyboard; name = Base; path = Base.lproj/Main.storyboard; sourceTree = "<group>"; };
		A2E8A0811BE7D89700505036 /* Assets.xcassets */ = {isa = PBXFileReference; lastKnownFileType = folder.assetcatalog; path = Assets.xcassets; sourceTree = "<group>"; };
		A2E8A0841BE7D89700505036 /* Base */ = {isa = PBXFileReference; lastKnownFileType = file.storyboard; name = Base; path = Base.lproj/LaunchScreen.storyboard; sourceTree = "<group>"; };
		A2E8A0861BE7D89700505036 /* Info.plist */ = {isa = PBXFileReference; lastKnownFileType = text.plist.xml; path = Info.plist; sourceTree = "<group>"; };
		A2E8A08C1BE7DA2000505036 /* TableViewController.swift */ = {isa = PBXFileReference; fileEncoding = 4; lastKnownFileType = sourcecode.swift; name = TableViewController.swift; path = ../TableViewController.swift; sourceTree = "<group>"; };
		A2E8A0901BE8724E00505036 /* CustomTabController.swift */ = {isa = PBXFileReference; fileEncoding = 4; lastKnownFileType = sourcecode.swift; path = CustomTabController.swift; sourceTree = "<group>"; };
/* End PBXFileReference section */

/* Begin PBXFrameworksBuildPhase section */
		A2E8A0741BE7D89700505036 /* Frameworks */ = {
			isa = PBXFrameworksBuildPhase;
			buildActionMask = 2147483647;
			files = (
			);
			runOnlyForDeploymentPostprocessing = 0;
		};
/* End PBXFrameworksBuildPhase section */

/* Begin PBXGroup section */
		A2E8A06E1BE7D89700505036 = {
			isa = PBXGroup;
			children = (
				A2E8A0791BE7D89700505036 /* SendMessage */,
				A2E8A0781BE7D89700505036 /* Products */,
			);
			sourceTree = "<group>";
		};
		A2E8A0781BE7D89700505036 /* Products */ = {
			isa = PBXGroup;
			children = (
				A2E8A0771BE7D89700505036 /* SendMessage.app */,
			);
			name = Products;
			sourceTree = "<group>";
		};
		A2E8A0791BE7D89700505036 /* SendMessage */ = {
			isa = PBXGroup;
			children = (
				A2E8A07A1BE7D89700505036 /* AppDelegate.swift */,
				A2E8A08C1BE7DA2000505036 /* TableViewController.swift */,
				A2E8A07C1BE7D89700505036 /* ViewController.swift */,
				A2E8A0901BE8724E00505036 /* CustomTabController.swift */,
				A2E8A07E1BE7D89700505036 /* Main.storyboard */,
				A2E8A0811BE7D89700505036 /* Assets.xcassets */,
				A2E8A0831BE7D89700505036 /* LaunchScreen.storyboard */,
				A2E8A0861BE7D89700505036 /* Info.plist */,
			);
			path = SendMessage;
			sourceTree = "<group>";
		};
/* End PBXGroup section */

/* Begin PBXNativeTarget section */
		A2E8A0761BE7D89700505036 /* SendMessage */ = {
			isa = PBXNativeTarget;
			buildConfigurationList = A2E8A0891BE7D89700505036 /* Build configuration list for PBXNativeTarget "SendMessage" */;
			buildPhases = (
				A2E8A0731BE7D89700505036 /* Sources */,
				A2E8A0741BE7D89700505036 /* Frameworks */,
				A2E8A0751BE7D89700505036 /* Resources */,
			);
			buildRules = (
			);
			dependencies = (
			);
			name = SendMessage;
			productName = SendMessage;
			productReference = A2E8A0771BE7D89700505036 /* SendMessage.app */;
			productType = "com.apple.product-type.application";
		};
/* End PBXNativeTarget section */

/* Begin PBXProject section */
		A2E8A06F1BE7D89700505036 /* Project object */ = {
			isa = PBXProject;
			attributes = {
				LastSwiftUpdateCheck = 0710;
				LastUpgradeCheck = 0710;
				ORGANIZATIONNAME = "Marko Jukic";
				TargetAttributes = {
					A2E8A0761BE7D89700505036 = {
						CreatedOnToolsVersion = 7.1;
						DevelopmentTeam = CFTKG3NHS8;
					};
				};
			};
			buildConfigurationList = A2E8A0721BE7D89700505036 /* Build configuration list for PBXProject "SendMessage" */;
			compatibilityVersion = "Xcode 3.2";
			developmentRegion = English;
			hasScannedForEncodings = 0;
			knownRegions = (
				en,
				Base,
			);
			mainGroup = A2E8A06E1BE7D89700505036;
			productRefGroup = A2E8A0781BE7D89700505036 /* Products */;
			projectDirPath = "";
			projectRoot = "";
			targets = (
				A2E8A0761BE7D89700505036 /* SendMessage */,
			);
		};
/* End PBXProject section */

/* Begin PBXResourcesBuildPhase section */
		A2E8A0751BE7D89700505036 /* Resources */ = {
			isa = PBXResourcesBuildPhase;
			buildActionMask = 2147483647;
			files = (
				A2E8A0851BE7D89700505036 /* LaunchScreen.storyboard in Resources */,
				A2E8A0821BE7D89700505036 /* Assets.xcassets in Resources */,
				A2E8A0801BE7D89700505036 /* Main.storyboard in Resources */,
			);
			runOnlyForDeploymentPostprocessing = 0;
		};
/* End PBXResourcesBuildPhase section */

/* Begin PBXSourcesBuildPhase section */
		A2E8A0731BE7D89700505036 /* Sources */ = {
			isa = PBXSourcesBuildPhase;
			buildActionMask = 2147483647;
			files = (
				A2E8A08D1BE7DA2000505036 /* TableViewController.swift in Sources */,
				A2E8A0911BE8724E00505036 /* CustomTabController.swift in Sources */,
				A2E8A07D1BE7D89700505036 /* ViewController.swift in Sources */,
				A2E8A07B1BE7D89700505036 /* AppDelegate.swift in Sources */,
			);
			runOnlyForDeploymentPostprocessing = 0;
		};
/* End PBXSourcesBuildPhase section */

/* Begin PBXVariantGroup section */
		A2E8A07E1BE7D89700505036 /* Main.storyboard */ = {
			isa = PBXVariantGroup;
			children = (
				A2E8A07F1BE7D89700505036 /* Base */,
			);
			name = Main.storyboard;
			sourceTree = "<group>";
		};
		A2E8A0831BE7D89700505036 /* LaunchScreen.storyboard */ = {
			isa = PBXVariantGroup;
			children = (
				A2E8A0841BE7D89700505036 /* Base */,
			);
			name = LaunchScreen.storyboard;
			sourceTree = "<group>";
		};
/* End PBXVariantGroup section */

/* Begin XCBuildConfiguration section */
		A2E8A0871BE7D89700505036 /* Debug */ = {
			isa = XCBuildConfiguration;
			buildSettings = {
				ALWAYS_SEARCH_USER_PATHS = NO;
				CLANG_CXX_LANGUAGE_STANDARD = "gnu++0x";
				CLANG_CXX_LIBRARY = "libc++";
				CLANG_ENABLE_MODULES = YES;
				CLANG_ENABLE_OBJC_ARC = YES;
				CLANG_WARN_BOOL_CONVERSION = YES;
				CLANG_WARN_CONSTANT_CONVERSION = YES;
				CLANG_WARN_DIRECT_OBJC_ISA_USAGE = YES_ERROR;
				CLANG_WARN_EMPTY_BODY = YES;
				CLANG_WARN_ENUM_CONVERSION = YES;
				CLANG_WARN_INT_CONVERSION = YES;
				CLANG_WARN_OBJC_ROOT_CLASS = YES_ERROR;
				CLANG_WARN_UNREACHABLE_CODE = YES;
				CLANG_WARN__DUPLICATE_METHOD_MATCH = YES;
				"CODE_SIGN_IDENTITY[sdk=iphoneos*]" = "iPhone Developer";
				COPY_PHASE_STRIP = NO;
				DEBUG_INFORMATION_FORMAT = dwarf;
				ENABLE_STRICT_OBJC_MSGSEND = YES;
				ENABLE_TESTABILITY = YES;
				GCC_C_LANGUAGE_STANDARD = gnu99;
				GCC_DYNAMIC_NO_PIC = NO;
				GCC_NO_COMMON_BLOCKS = YES;
				GCC_OPTIMIZATION_LEVEL = 0;
				GCC_PREPROCESSOR_DEFINITIONS = (
					"DEBUG=1",
					"$(inherited)",
				);
				GCC_WARN_64_TO_32_BIT_CONVERSION = YES;
				GCC_WARN_ABOUT_RETURN_TYPE = YES_ERROR;
				GCC_WARN_UNDECLARED_SELECTOR = YES;
				GCC_WARN_UNINITIALIZED_AUTOS = YES_AGGRESSIVE;
				GCC_WARN_UNUSED_FUNCTION = YES;
				GCC_WARN_UNUSED_VARIABLE = YES;
				IPHONEOS_DEPLOYMENT_TARGET = 9.1;
				MTL_ENABLE_DEBUG_INFO = YES;
				ONLY_ACTIVE_ARCH = YES;
				SDKROOT = iphoneos;
				SWIFT_OPTIMIZATION_LEVEL = "-Onone";
				TARGETED_DEVICE_FAMILY = "1,2";
			};
			name = Debug;
		};
		A2E8A0881BE7D89700505036 /* Release */ = {
			isa = XCBuildConfiguration;
			buildSettings = {
				ALWAYS_SEARCH_USER_PATHS = NO;
				CLANG_CXX_LANGUAGE_STANDARD = "gnu++0x";
				CLANG_CXX_LIBRARY = "libc++";
				CLANG_ENABLE_MODULES = YES;
				CLANG_ENABLE_OBJC_ARC = YES;
				CLANG_WARN_BOOL_CONVERSION = YES;
				CLANG_WARN_CONSTANT_CONVERSION = YES;
				CLANG_WARN_DIRECT_OBJC_ISA_USAGE = YES_ERROR;
				CLANG_WARN_EMPTY_BODY = YES;
				CLANG_WARN_ENUM_CONVERSION = YES;
				CLANG_WARN_INT_CONVERSION = YES;
				CLANG_WARN_OBJC_ROOT_CLASS = YES_ERROR;
				CLANG_WARN_UNREACHABLE_CODE = YES;
				CLANG_WARN__DUPLICATE_METHOD_MATCH = YES;
				"CODE_SIGN_IDENTITY[sdk=iphoneos*]" = "iPhone Developer";
				COPY_PHASE_STRIP = NO;
				DEBUG_INFORMATION_FORMAT = "dwarf-with-dsym";
				ENABLE_NS_ASSERTIONS = NO;
				ENABLE_STRICT_OBJC_MSGSEND = YES;
				GCC_C_LANGUAGE_STANDARD = gnu99;
				GCC_NO_COMMON_BLOCKS = YES;
				GCC_WARN_64_TO_32_BIT_CONVERSION = YES;
				GCC_WARN_ABOUT_RETURN_TYPE = YES_ERROR;
				GCC_WARN_UNDECLARED_SELECTOR = YES;
				GCC_WARN_UNINITIALIZED_AUTOS = YES_AGGRESSIVE;
				GCC_WARN_UNUSED_FUNCTION = YES;
				GCC_WARN_UNUSED_VARIABLE = YES;
				IPHONEOS_DEPLOYMENT_TARGET = 9.1;
				MTL_ENABLE_DEBUG_INFO = NO;
				SDKROOT = iphoneos;
				TARGETED_DEVICE_FAMILY = "1,2";
				VALIDATE_PRODUCT = YES;
			};
			name = Release;
		};
		A2E8A08A1BE7D89700505036 /* Debug */ = {
			isa = XCBuildConfiguration;
			buildSettings = {
				ASSETCATALOG_COMPILER_APPICON_NAME = AppIcon;
				INFOPLIST_FILE = SendMessage/Info.plist;
				LD_RUNPATH_SEARCH_PATHS = "$(inherited) @executable_path/Frameworks";
				PRODUCT_BUNDLE_IDENTIFIER = jukster.SendMessage;
				PRODUCT_NAME = "$(TARGET_NAME)";
			};
			name = Debug;
		};
		A2E8A08B1BE7D89700505036 /* Release */ = {
			isa = XCBuildConfiguration;
			buildSettings = {
				ASSETCATALOG_COMPILER_APPICON_NAME = AppIcon;
				INFOPLIST_FILE = SendMessage/Info.plist;
				LD_RUNPATH_SEARCH_PATHS = "$(inherited) @executable_path/Frameworks";
				PRODUCT_BUNDLE_IDENTIFIER = jukster.SendMessage;
				PRODUCT_NAME = "$(TARGET_NAME)";
			};
			name = Release;
		};
/* End XCBuildConfiguration section */

/* Begin XCConfigurationList section */
		A2E8A0721BE7D89700505036 /* Build configuration list for PBXProject "SendMessage" */ = {
			isa = XCConfigurationList;
			buildConfigurations = (
				A2E8A0871BE7D89700505036 /* Debug */,
				A2E8A0881BE7D89700505036 /* Release */,
			);
			defaultConfigurationIsVisible = 0;
			defaultConfigurationName = Release;
		};
		A2E8A0891BE7D89700505036 /* Build configuration list for PBXNativeTarget "SendMessage" */ = {
			isa = XCConfigurationList;
			buildConfigurations = (
				A2E8A08A1BE7D89700505036 /* Debug */,
				A2E8A08B1BE7D89700505036 /* Release */,
			);
			defaultConfigurationIsVisible = 0;
			defaultConfigurationName = Release;
		};
/* End XCConfigurationList section */
	};
	rootObject = A2E8A06F1BE7D89700505036 /* Project object */;
}
