// !$*UTF8*$!
{
	archiveVersion = 1;
	classes = {
	};
	objectVersion = 46;
	objects = {

/* Begin PBXBuildFile section */
		A27953151C076E5600BB0AE1 /* AppDelegate.swift in Sources */ = {isa = PBXBuildFile; fileRef = A27953141C076E5600BB0AE1 /* AppDelegate.swift */; };
		A27953171C076E5600BB0AE1 /* ViewController.swift in Sources */ = {isa = PBXBuildFile; fileRef = A27953161C076E5600BB0AE1 /* ViewController.swift */; };
		A279531A1C076E5600BB0AE1 /* Main.storyboard in Resources */ = {isa = PBXBuildFile; fileRef = A27953181C076E5600BB0AE1 /* Main.storyboard */; };
		A279531C1C076E5600BB0AE1 /* Assets.xcassets in Resources */ = {isa = PBXBuildFile; fileRef = A279531B1C076E5600BB0AE1 /* Assets.xcassets */; };
		A279531F1C076E5600BB0AE1 /* LaunchScreen.storyboard in Resources */ = {isa = PBXBuildFile; fileRef = A279531D1C076E5600BB0AE1 /* LaunchScreen.storyboard */; };
/* End PBXBuildFile section */

/* Begin PBXFileReference section */
		A27953111C076E5600BB0AE1 /* ThreadingPlay.app */ = {isa = PBXFileReference; explicitFileType = wrapper.application; includeInIndex = 0; path = ThreadingPlay.app; sourceTree = BUILT_PRODUCTS_DIR; };
		A27953141C076E5600BB0AE1 /* AppDelegate.swift */ = {isa = PBXFileReference; lastKnownFileType = sourcecode.swift; path = AppDelegate.swift; sourceTree = "<group>"; };
		A27953161C076E5600BB0AE1 /* ViewController.swift */ = {isa = PBXFileReference; lastKnownFileType = sourcecode.swift; path = ViewController.swift; sourceTree = "<group>"; };
		A27953191C076E5600BB0AE1 /* Base */ = {isa = PBXFileReference; lastKnownFileType = file.storyboard; name = Base; path = Base.lproj/Main.storyboard; sourceTree = "<group>"; };
		A279531B1C076E5600BB0AE1 /* Assets.xcassets */ = {isa = PBXFileReference; lastKnownFileType = folder.assetcatalog; path = Assets.xcassets; sourceTree = "<group>"; };
		A279531E1C076E5600BB0AE1 /* Base */ = {isa = PBXFileReference; lastKnownFileType = file.storyboard; name = Base; path = Base.lproj/LaunchScreen.storyboard; sourceTree = "<group>"; };
		A27953201C076E5600BB0AE1 /* Info.plist */ = {isa = PBXFileReference; lastKnownFileType = text.plist.xml; path = Info.plist; sourceTree = "<group>"; };
/* End PBXFileReference section */

/* Begin PBXFrameworksBuildPhase section */
		A279530E1C076E5600BB0AE1 /* Frameworks */ = {
			isa = PBXFrameworksBuildPhase;
			buildActionMask = 2147483647;
			files = (
			);
			runOnlyForDeploymentPostprocessing = 0;
		};
/* End PBXFrameworksBuildPhase section */

/* Begin PBXGroup section */
		A27953081C076E5600BB0AE1 = {
			isa = PBXGroup;
			children = (
				A27953131C076E5600BB0AE1 /* ThreadingPlay */,
				A27953121C076E5600BB0AE1 /* Products */,
			);
			sourceTree = "<group>";
		};
		A27953121C076E5600BB0AE1 /* Products */ = {
			isa = PBXGroup;
			children = (
				A27953111C076E5600BB0AE1 /* ThreadingPlay.app */,
			);
			name = Products;
			sourceTree = "<group>";
		};
		A27953131C076E5600BB0AE1 /* ThreadingPlay */ = {
			isa = PBXGroup;
			children = (
				A27953141C076E5600BB0AE1 /* AppDelegate.swift */,
				A27953161C076E5600BB0AE1 /* ViewController.swift */,
				A27953181C076E5600BB0AE1 /* Main.storyboard */,
				A279531B1C076E5600BB0AE1 /* Assets.xcassets */,
				A279531D1C076E5600BB0AE1 /* LaunchScreen.storyboard */,
				A27953201C076E5600BB0AE1 /* Info.plist */,
			);
			path = ThreadingPlay;
			sourceTree = "<group>";
		};
/* End PBXGroup section */

/* Begin PBXNativeTarget section */
		A27953101C076E5600BB0AE1 /* ThreadingPlay */ = {
			isa = PBXNativeTarget;
			buildConfigurationList = A27953231C076E5600BB0AE1 /* Build configuration list for PBXNativeTarget "ThreadingPlay" */;
			buildPhases = (
				A279530D1C076E5600BB0AE1 /* Sources */,
				A279530E1C076E5600BB0AE1 /* Frameworks */,
				A279530F1C076E5600BB0AE1 /* Resources */,
			);
			buildRules = (
			);
			dependencies = (
			);
			name = ThreadingPlay;
			productName = ThreadingPlay;
			productReference = A27953111C076E5600BB0AE1 /* ThreadingPlay.app */;
			productType = "com.apple.product-type.application";
		};
/* End PBXNativeTarget section */

/* Begin PBXProject section */
		A27953091C076E5600BB0AE1 /* Project object */ = {
			isa = PBXProject;
			attributes = {
				LastSwiftUpdateCheck = 0710;
				LastUpgradeCheck = 0710;
				ORGANIZATIONNAME = "Marko Jukic";
				TargetAttributes = {
					A27953101C076E5600BB0AE1 = {
						CreatedOnToolsVersion = 7.1.1;
						DevelopmentTeam = CFTKG3NHS8;
					};
				};
			};
			buildConfigurationList = A279530C1C076E5600BB0AE1 /* Build configuration list for PBXProject "ThreadingPlay" */;
			compatibilityVersion = "Xcode 3.2";
			developmentRegion = English;
			hasScannedForEncodings = 0;
			knownRegions = (
				en,
				Base,
			);
			mainGroup = A27953081C076E5600BB0AE1;
			productRefGroup = A27953121C076E5600BB0AE1 /* Products */;
			projectDirPath = "";
			projectRoot = "";
			targets = (
				A27953101C076E5600BB0AE1 /* ThreadingPlay */,
			);
		};
/* End PBXProject section */

/* Begin PBXResourcesBuildPhase section */
		A279530F1C076E5600BB0AE1 /* Resources */ = {
			isa = PBXResourcesBuildPhase;
			buildActionMask = 2147483647;
			files = (
				A279531F1C076E5600BB0AE1 /* LaunchScreen.storyboard in Resources */,
				A279531C1C076E5600BB0AE1 /* Assets.xcassets in Resources */,
				A279531A1C076E5600BB0AE1 /* Main.storyboard in Resources */,
			);
			runOnlyForDeploymentPostprocessing = 0;
		};
/* End PBXResourcesBuildPhase section */

/* Begin PBXSourcesBuildPhase section */
		A279530D1C076E5600BB0AE1 /* Sources */ = {
			isa = PBXSourcesBuildPhase;
			buildActionMask = 2147483647;
			files = (
				A27953171C076E5600BB0AE1 /* ViewController.swift in Sources */,
				A27953151C076E5600BB0AE1 /* AppDelegate.swift in Sources */,
			);
			runOnlyForDeploymentPostprocessing = 0;
		};
/* End PBXSourcesBuildPhase section */

/* Begin PBXVariantGroup section */
		A27953181C076E5600BB0AE1 /* Main.storyboard */ = {
			isa = PBXVariantGroup;
			children = (
				A27953191C076E5600BB0AE1 /* Base */,
			);
			name = Main.storyboard;
			sourceTree = "<group>";
		};
		A279531D1C076E5600BB0AE1 /* LaunchScreen.storyboard */ = {
			isa = PBXVariantGroup;
			children = (
				A279531E1C076E5600BB0AE1 /* Base */,
			);
			name = LaunchScreen.storyboard;
			sourceTree = "<group>";
		};
/* End PBXVariantGroup section */

/* Begin XCBuildConfiguration section */
		A27953211C076E5600BB0AE1 /* Debug */ = {
			isa = XCBuildConfiguration;
			buildSettings = {
				ALWAYS_SEARCH_USER_PATHS = NO;
				CLANG_CXX_LANGUAGE_STANDARD = "gnu++0x";
				CLANG_CXX_LIBRARY = "libc++";
				CLANG_ENABLE_MODULES = YES;
				CLANG_ENABLE_OBJC_ARC = YES;
				CLANG_WARN_BOOL_CONVERSION = YES;
				CLANG_WARN_CONSTANT_CONVERSION = YES;
				CLANG_WARN_DIRECT_OBJC_ISA_USAGE = YES_ERROR;
				CLANG_WARN_EMPTY_BODY = YES;
				CLANG_WARN_ENUM_CONVERSION = YES;
				CLANG_WARN_INT_CONVERSION = YES;
				CLANG_WARN_OBJC_ROOT_CLASS = YES_ERROR;
				CLANG_WARN_UNREACHABLE_CODE = YES;
				CLANG_WARN__DUPLICATE_METHOD_MATCH = YES;
				"CODE_SIGN_IDENTITY[sdk=iphoneos*]" = "iPhone Developer";
				COPY_PHASE_STRIP = NO;
				DEBUG_INFORMATION_FORMAT = dwarf;
				ENABLE_STRICT_OBJC_MSGSEND = YES;
				ENABLE_TESTABILITY = YES;
				GCC_C_LANGUAGE_STANDARD = gnu99;
				GCC_DYNAMIC_NO_PIC = NO;
				GCC_NO_COMMON_BLOCKS = YES;
				GCC_OPTIMIZATION_LEVEL = 0;
				GCC_PREPROCESSOR_DEFINITIONS = (
					"DEBUG=1",
					"$(inherited)",
				);
				GCC_WARN_64_TO_32_BIT_CONVERSION = YES;
				GCC_WARN_ABOUT_RETURN_TYPE = YES_ERROR;
				GCC_WARN_UNDECLARED_SELECTOR = YES;
				GCC_WARN_UNINITIALIZED_AUTOS = YES_AGGRESSIVE;
				GCC_WARN_UNUSED_FUNCTION = YES;
				GCC_WARN_UNUSED_VARIABLE = YES;
				IPHONEOS_DEPLOYMENT_TARGET = 9.1;
				MTL_ENABLE_DEBUG_INFO = YES;
				ONLY_ACTIVE_ARCH = YES;
				SDKROOT = iphoneos;
				SWIFT_OPTIMIZATION_LEVEL = "-Onone";
				TARGETED_DEVICE_FAMILY = "1,2";
			};
			name = Debug;
		};
		A27953221C076E5600BB0AE1 /* Release */ = {
			isa = XCBuildConfiguration;
			buildSettings = {
				ALWAYS_SEARCH_USER_PATHS = NO;
				CLANG_CXX_LANGUAGE_STANDARD = "gnu++0x";
				CLANG_CXX_LIBRARY = "libc++";
				CLANG_ENABLE_MODULES = YES;
				CLANG_ENABLE_OBJC_ARC = YES;
				CLANG_WARN_BOOL_CONVERSION = YES;
				CLANG_WARN_CONSTANT_CONVERSION = YES;
				CLANG_WARN_DIRECT_OBJC_ISA_USAGE = YES_ERROR;
				CLANG_WARN_EMPTY_BODY = YES;
				CLANG_WARN_ENUM_CONVERSION = YES;
				CLANG_WARN_INT_CONVERSION = YES;
				CLANG_WARN_OBJC_ROOT_CLASS = YES_ERROR;
				CLANG_WARN_UNREACHABLE_CODE = YES;
				CLANG_WARN__DUPLICATE_METHOD_MATCH = YES;
				"CODE_SIGN_IDENTITY[sdk=iphoneos*]" = "iPhone Developer";
				COPY_PHASE_STRIP = NO;
				DEBUG_INFORMATION_FORMAT = "dwarf-with-dsym";
				ENABLE_NS_ASSERTIONS = NO;
				ENABLE_STRICT_OBJC_MSGSEND = YES;
				GCC_C_LANGUAGE_STANDARD = gnu99;
				GCC_NO_COMMON_BLOCKS = YES;
				GCC_WARN_64_TO_32_BIT_CONVERSION = YES;
				GCC_WARN_ABOUT_RETURN_TYPE = YES_ERROR;
				GCC_WARN_UNDECLARED_SELECTOR = YES;
				GCC_WARN_UNINITIALIZED_AUTOS = YES_AGGRESSIVE;
				GCC_WARN_UNUSED_FUNCTION = YES;
				GCC_WARN_UNUSED_VARIABLE = YES;
				IPHONEOS_DEPLOYMENT_TARGET = 9.1;
				MTL_ENABLE_DEBUG_INFO = NO;
				SDKROOT = iphoneos;
				TARGETED_DEVICE_FAMILY = "1,2";
				VALIDATE_PRODUCT = YES;
			};
			name = Release;
		};
		A27953241C076E5600BB0AE1 /* Debug */ = {
			isa = XCBuildConfiguration;
			buildSettings = {
				ASSETCATALOG_COMPILER_APPICON_NAME = AppIcon;
				INFOPLIST_FILE = ThreadingPlay/Info.plist;
				LD_RUNPATH_SEARCH_PATHS = "$(inherited) @executable_path/Frameworks";
				PRODUCT_BUNDLE_IDENTIFIER = jukster.ThreadingPlay;
				PRODUCT_NAME = "$(TARGET_NAME)";
			};
			name = Debug;
		};
		A27953251C076E5600BB0AE1 /* Release */ = {
			isa = XCBuildConfiguration;
			buildSettings = {
				ASSETCATALOG_COMPILER_APPICON_NAME = AppIcon;
				INFOPLIST_FILE = ThreadingPlay/Info.plist;
				LD_RUNPATH_SEARCH_PATHS = "$(inherited) @executable_path/Frameworks";
				PRODUCT_BUNDLE_IDENTIFIER = jukster.ThreadingPlay;
				PRODUCT_NAME = "$(TARGET_NAME)";
			};
			name = Release;
		};
/* End XCBuildConfiguration section */

/* Begin XCConfigurationList section */
		A279530C1C076E5600BB0AE1 /* Build configuration list for PBXProject "ThreadingPlay" */ = {
			isa = XCConfigurationList;
			buildConfigurations = (
				A27953211C076E5600BB0AE1 /* Debug */,
				A27953221C076E5600BB0AE1 /* Release */,
			);
			defaultConfigurationIsVisible = 0;
			defaultConfigurationName = Release;
		};
		A27953231C076E5600BB0AE1 /* Build configuration list for PBXNativeTarget "ThreadingPlay" */ = {
			isa = XCConfigurationList;
			buildConfigurations = (
				A27953241C076E5600BB0AE1 /* Debug */,
				A27953251C076E5600BB0AE1 /* Release */,
			);
			defaultConfigurationIsVisible = 0;
		};
/* End XCConfigurationList section */
	};
	rootObject = A27953091C076E5600BB0AE1 /* Project object */;
}
