// !$*UTF8*$!
{
	archiveVersion = 1;
	classes = {
	};
	objectVersion = 46;
	objects = {

/* Begin PBXBuildFile section */
		A25004561BDE9EA200370136 /* Item.swift in Sources */ = {isa = PBXBuildFile; fileRef = A25004551BDE9EA200370136 /* Item.swift */; };
		A25004581BDE9ECF00370136 /* TaskManager.swift in Sources */ = {isa = PBXBuildFile; fileRef = A25004571BDE9ECF00370136 /* TaskManager.swift */; };
		A250045B1BDE9F1200370136 /* Priority.swift in Sources */ = {isa = PBXBuildFile; fileRef = A25004591BDE9F1200370136 /* Priority.swift */; };
		A250045C1BDE9F1200370136 /* State.swift in Sources */ = {isa = PBXBuildFile; fileRef = A250045A1BDE9F1200370136 /* State.swift */; };
		A27F51B81BE612510065E3BC /* NewBalance-new-balance-11067882-2.jpg in Resources */ = {isa = PBXBuildFile; fileRef = A27F51B71BE612510065E3BC /* NewBalance-new-balance-11067882-2.jpg */; };
		A27F51BA1BE614270065E3BC /* AddImageViewController.swift in Sources */ = {isa = PBXBuildFile; fileRef = A27F51B91BE614270065E3BC /* AddImageViewController.swift */; };
		A27F51BC1BE61A6A0065E3BC /* receivesImage.swift in Sources */ = {isa = PBXBuildFile; fileRef = A27F51BB1BE61A6A0065E3BC /* receivesImage.swift */; };
		A297D19C1BE2804100FEF12B /* DelegateExample.swift in Sources */ = {isa = PBXBuildFile; fileRef = A297D19B1BE2804100FEF12B /* DelegateExample.swift */; };
		A298F32D1BEB13C40034DA9C /* TableViewController.swift in Sources */ = {isa = PBXBuildFile; fileRef = A298F32C1BEB13C40034DA9C /* TableViewController.swift */; };
		A2D47BFD1BD73A330048D9C7 /* AppDelegate.swift in Sources */ = {isa = PBXBuildFile; fileRef = A2D47BFC1BD73A330048D9C7 /* AppDelegate.swift */; };
		A2D47BFF1BD73A330048D9C7 /* ViewController.swift in Sources */ = {isa = PBXBuildFile; fileRef = A2D47BFE1BD73A330048D9C7 /* ViewController.swift */; };
		A2D47C021BD73A330048D9C7 /* Main.storyboard in Resources */ = {isa = PBXBuildFile; fileRef = A2D47C001BD73A330048D9C7 /* Main.storyboard */; };
		A2D47C041BD73A330048D9C7 /* Assets.xcassets in Resources */ = {isa = PBXBuildFile; fileRef = A2D47C031BD73A330048D9C7 /* Assets.xcassets */; };
		A2D47C071BD73A330048D9C7 /* LaunchScreen.storyboard in Resources */ = {isa = PBXBuildFile; fileRef = A2D47C051BD73A330048D9C7 /* LaunchScreen.storyboard */; };
/* End PBXBuildFile section */

/* Begin PBXFileReference section */
		A25004551BDE9EA200370136 /* Item.swift */ = {isa = PBXFileReference; fileEncoding = 4; lastKnownFileType = sourcecode.swift; path = Item.swift; sourceTree = "<group>"; };
		A25004571BDE9ECF00370136 /* TaskManager.swift */ = {isa = PBXFileReference; fileEncoding = 4; lastKnownFileType = sourcecode.swift; path = TaskManager.swift; sourceTree = "<group>"; };
		A25004591BDE9F1200370136 /* Priority.swift */ = {isa = PBXFileReference; fileEncoding = 4; lastKnownFileType = sourcecode.swift; path = Priority.swift; sourceTree = "<group>"; };
		A250045A1BDE9F1200370136 /* State.swift */ = {isa = PBXFileReference; fileEncoding = 4; lastKnownFileType = sourcecode.swift; path = State.swift; sourceTree = "<group>"; };
		A27F51B71BE612510065E3BC /* NewBalance-new-balance-11067882-2.jpg */ = {isa = PBXFileReference; lastKnownFileType = image.jpeg; name = "NewBalance-new-balance-11067882-2.jpg"; path = "../../../../Downloads/NewBalance-new-balance-11067882-2.jpg"; sourceTree = "<group>"; };
		A27F51B91BE614270065E3BC /* AddImageViewController.swift */ = {isa = PBXFileReference; fileEncoding = 4; lastKnownFileType = sourcecode.swift; path = AddImageViewController.swift; sourceTree = "<group>"; };
		A27F51BB1BE61A6A0065E3BC /* receivesImage.swift */ = {isa = PBXFileReference; fileEncoding = 4; lastKnownFileType = sourcecode.swift; path = receivesImage.swift; sourceTree = "<group>"; };
		A297D19B1BE2804100FEF12B /* DelegateExample.swift */ = {isa = PBXFileReference; fileEncoding = 4; lastKnownFileType = sourcecode.swift; path = DelegateExample.swift; sourceTree = "<group>"; };
		A298F32C1BEB13C40034DA9C /* TableViewController.swift */ = {isa = PBXFileReference; fileEncoding = 4; lastKnownFileType = sourcecode.swift; path = TableViewController.swift; sourceTree = "<group>"; };
		A2D47BF91BD73A330048D9C7 /* Mooltz.app */ = {isa = PBXFileReference; explicitFileType = wrapper.application; includeInIndex = 0; path = Mooltz.app; sourceTree = BUILT_PRODUCTS_DIR; };
		A2D47BFC1BD73A330048D9C7 /* AppDelegate.swift */ = {isa = PBXFileReference; lastKnownFileType = sourcecode.swift; path = AppDelegate.swift; sourceTree = "<group>"; };
		A2D47BFE1BD73A330048D9C7 /* ViewController.swift */ = {isa = PBXFileReference; lastKnownFileType = sourcecode.swift; path = ViewController.swift; sourceTree = "<group>"; };
		A2D47C011BD73A330048D9C7 /* Base */ = {isa = PBXFileReference; lastKnownFileType = file.storyboard; name = Base; path = Base.lproj/Main.storyboard; sourceTree = "<group>"; };
		A2D47C031BD73A330048D9C7 /* Assets.xcassets */ = {isa = PBXFileReference; lastKnownFileType = folder.assetcatalog; path = Assets.xcassets; sourceTree = "<group>"; };
		A2D47C061BD73A330048D9C7 /* Base */ = {isa = PBXFileReference; lastKnownFileType = file.storyboard; name = Base; path = Base.lproj/LaunchScreen.storyboard; sourceTree = "<group>"; };
		A2D47C081BD73A330048D9C7 /* Info.plist */ = {isa = PBXFileReference; lastKnownFileType = text.plist.xml; path = Info.plist; sourceTree = "<group>"; };
/* End PBXFileReference section */

/* Begin PBXFrameworksBuildPhase section */
		A2D47BF61BD73A330048D9C7 /* Frameworks */ = {
			isa = PBXFrameworksBuildPhase;
			buildActionMask = 2147483647;
			files = (
			);
			runOnlyForDeploymentPostprocessing = 0;
		};
/* End PBXFrameworksBuildPhase section */

/* Begin PBXGroup section */
		A2D47BF01BD73A330048D9C7 = {
			isa = PBXGroup;
			children = (
				A2D47BFB1BD73A330048D9C7 /* Mooltz */,
				A2D47BFA1BD73A330048D9C7 /* Products */,
			);
			sourceTree = "<group>";
		};
		A2D47BFA1BD73A330048D9C7 /* Products */ = {
			isa = PBXGroup;
			children = (
				A2D47BF91BD73A330048D9C7 /* Mooltz.app */,
			);
			name = Products;
			sourceTree = "<group>";
		};
		A2D47BFB1BD73A330048D9C7 /* Mooltz */ = {
			isa = PBXGroup;
			children = (
				A2D47BFC1BD73A330048D9C7 /* AppDelegate.swift */,
				A297D19B1BE2804100FEF12B /* DelegateExample.swift */,
				A2D47BFE1BD73A330048D9C7 /* ViewController.swift */,
				A27F51B91BE614270065E3BC /* AddImageViewController.swift */,
				A298F32C1BEB13C40034DA9C /* TableViewController.swift */,
				A27F51BB1BE61A6A0065E3BC /* receivesImage.swift */,
				A2D47C001BD73A330048D9C7 /* Main.storyboard */,
				A27F51B71BE612510065E3BC /* NewBalance-new-balance-11067882-2.jpg */,
				A2D47C031BD73A330048D9C7 /* Assets.xcassets */,
				A2D47C051BD73A330048D9C7 /* LaunchScreen.storyboard */,
				A2D47C081BD73A330048D9C7 /* Info.plist */,
				A25004591BDE9F1200370136 /* Priority.swift */,
				A250045A1BDE9F1200370136 /* State.swift */,
				A25004571BDE9ECF00370136 /* TaskManager.swift */,
				A25004551BDE9EA200370136 /* Item.swift */,
			);
			path = Mooltz;
			sourceTree = "<group>";
		};
/* End PBXGroup section */

/* Begin PBXNativeTarget section */
		A2D47BF81BD73A330048D9C7 /* Mooltz */ = {
			isa = PBXNativeTarget;
			buildConfigurationList = A2D47C0B1BD73A330048D9C7 /* Build configuration list for PBXNativeTarget "Mooltz" */;
			buildPhases = (
				A2D47BF51BD73A330048D9C7 /* Sources */,
				A2D47BF61BD73A330048D9C7 /* Frameworks */,
				A2D47BF71BD73A330048D9C7 /* Resources */,
			);
			buildRules = (
			);
			dependencies = (
			);
			name = Mooltz;
			productName = Mooltz;
			productReference = A2D47BF91BD73A330048D9C7 /* Mooltz.app */;
			productType = "com.apple.product-type.application";
		};
/* End PBXNativeTarget section */

/* Begin PBXProject section */
		A2D47BF11BD73A330048D9C7 /* Project object */ = {
			isa = PBXProject;
			attributes = {
				LastUpgradeCheck = 0700;
				ORGANIZATIONNAME = "Marko Jukic";
				TargetAttributes = {
					A2D47BF81BD73A330048D9C7 = {
						CreatedOnToolsVersion = 7.0.1;
						DevelopmentTeam = CFTKG3NHS8;
					};
				};
			};
			buildConfigurationList = A2D47BF41BD73A330048D9C7 /* Build configuration list for PBXProject "Mooltz" */;
			compatibilityVersion = "Xcode 3.2";
			developmentRegion = English;
			hasScannedForEncodings = 0;
			knownRegions = (
				en,
				Base,
			);
			mainGroup = A2D47BF01BD73A330048D9C7;
			productRefGroup = A2D47BFA1BD73A330048D9C7 /* Products */;
			projectDirPath = "";
			projectRoot = "";
			targets = (
				A2D47BF81BD73A330048D9C7 /* Mooltz */,
			);
		};
/* End PBXProject section */

/* Begin PBXResourcesBuildPhase section */
		A2D47BF71BD73A330048D9C7 /* Resources */ = {
			isa = PBXResourcesBuildPhase;
			buildActionMask = 2147483647;
			files = (
				A2D47C071BD73A330048D9C7 /* LaunchScreen.storyboard in Resources */,
				A2D47C041BD73A330048D9C7 /* Assets.xcassets in Resources */,
				A2D47C021BD73A330048D9C7 /* Main.storyboard in Resources */,
				A27F51B81BE612510065E3BC /* NewBalance-new-balance-11067882-2.jpg in Resources */,
			);
			runOnlyForDeploymentPostprocessing = 0;
		};
/* End PBXResourcesBuildPhase section */

/* Begin PBXSourcesBuildPhase section */
		A2D47BF51BD73A330048D9C7 /* Sources */ = {
			isa = PBXSourcesBuildPhase;
			buildActionMask = 2147483647;
			files = (
				A297D19C1BE2804100FEF12B /* DelegateExample.swift in Sources */,
				A25004561BDE9EA200370136 /* Item.swift in Sources */,
				A27F51BC1BE61A6A0065E3BC /* receivesImage.swift in Sources */,
				A298F32D1BEB13C40034DA9C /* TableViewController.swift in Sources */,
				A27F51BA1BE614270065E3BC /* AddImageViewController.swift in Sources */,
				A2D47BFF1BD73A330048D9C7 /* ViewController.swift in Sources */,
				A25004581BDE9ECF00370136 /* TaskManager.swift in Sources */,
				A2D47BFD1BD73A330048D9C7 /* AppDelegate.swift in Sources */,
				A250045C1BDE9F1200370136 /* State.swift in Sources */,
				A250045B1BDE9F1200370136 /* Priority.swift in Sources */,
			);
			runOnlyForDeploymentPostprocessing = 0;
		};
/* End PBXSourcesBuildPhase section */

/* Begin PBXVariantGroup section */
		A2D47C001BD73A330048D9C7 /* Main.storyboard */ = {
			isa = PBXVariantGroup;
			children = (
				A2D47C011BD73A330048D9C7 /* Base */,
			);
			name = Main.storyboard;
			sourceTree = "<group>";
		};
		A2D47C051BD73A330048D9C7 /* LaunchScreen.storyboard */ = {
			isa = PBXVariantGroup;
			children = (
				A2D47C061BD73A330048D9C7 /* Base */,
			);
			name = LaunchScreen.storyboard;
			sourceTree = "<group>";
		};
/* End PBXVariantGroup section */

/* Begin XCBuildConfiguration section */
		A2D47C091BD73A330048D9C7 /* Debug */ = {
			isa = XCBuildConfiguration;
			buildSettings = {
				ALWAYS_SEARCH_USER_PATHS = NO;
				CLANG_CXX_LANGUAGE_STANDARD = "gnu++0x";
				CLANG_CXX_LIBRARY = "libc++";
				CLANG_ENABLE_MODULES = YES;
				CLANG_ENABLE_OBJC_ARC = YES;
				CLANG_WARN_BOOL_CONVERSION = YES;
				CLANG_WARN_CONSTANT_CONVERSION = YES;
				CLANG_WARN_DIRECT_OBJC_ISA_USAGE = YES_ERROR;
				CLANG_WARN_EMPTY_BODY = YES;
				CLANG_WARN_ENUM_CONVERSION = YES;
				CLANG_WARN_INT_CONVERSION = YES;
				CLANG_WARN_OBJC_ROOT_CLASS = YES_ERROR;
				CLANG_WARN_UNREACHABLE_CODE = YES;
				CLANG_WARN__DUPLICATE_METHOD_MATCH = YES;
				"CODE_SIGN_IDENTITY[sdk=iphoneos*]" = "iPhone Developer";
				COPY_PHASE_STRIP = NO;
				DEBUG_INFORMATION_FORMAT = dwarf;
				ENABLE_STRICT_OBJC_MSGSEND = YES;
				ENABLE_TESTABILITY = YES;
				GCC_C_LANGUAGE_STANDARD = gnu99;
				GCC_DYNAMIC_NO_PIC = NO;
				GCC_NO_COMMON_BLOCKS = YES;
				GCC_OPTIMIZATION_LEVEL = 0;
				GCC_PREPROCESSOR_DEFINITIONS = (
					"DEBUG=1",
					"$(inherited)",
				);
				GCC_WARN_64_TO_32_BIT_CONVERSION = YES;
				GCC_WARN_ABOUT_RETURN_TYPE = YES_ERROR;
				GCC_WARN_UNDECLARED_SELECTOR = YES;
				GCC_WARN_UNINITIALIZED_AUTOS = YES_AGGRESSIVE;
				GCC_WARN_UNUSED_FUNCTION = YES;
				GCC_WARN_UNUSED_VARIABLE = YES;
				IPHONEOS_DEPLOYMENT_TARGET = 9.0;
				MTL_ENABLE_DEBUG_INFO = YES;
				ONLY_ACTIVE_ARCH = YES;
				SDKROOT = iphoneos;
				SWIFT_OPTIMIZATION_LEVEL = "-Onone";
				TARGETED_DEVICE_FAMILY = "1,2";
			};
			name = Debug;
		};
		A2D47C0A1BD73A330048D9C7 /* Release */ = {
			isa = XCBuildConfiguration;
			buildSettings = {
				ALWAYS_SEARCH_USER_PATHS = NO;
				CLANG_CXX_LANGUAGE_STANDARD = "gnu++0x";
				CLANG_CXX_LIBRARY = "libc++";
				CLANG_ENABLE_MODULES = YES;
				CLANG_ENABLE_OBJC_ARC = YES;
				CLANG_WARN_BOOL_CONVERSION = YES;
				CLANG_WARN_CONSTANT_CONVERSION = YES;
				CLANG_WARN_DIRECT_OBJC_ISA_USAGE = YES_ERROR;
				CLANG_WARN_EMPTY_BODY = YES;
				CLANG_WARN_ENUM_CONVERSION = YES;
				CLANG_WARN_INT_CONVERSION = YES;
				CLANG_WARN_OBJC_ROOT_CLASS = YES_ERROR;
				CLANG_WARN_UNREACHABLE_CODE = YES;
				CLANG_WARN__DUPLICATE_METHOD_MATCH = YES;
				"CODE_SIGN_IDENTITY[sdk=iphoneos*]" = "iPhone Developer";
				COPY_PHASE_STRIP = NO;
				DEBUG_INFORMATION_FORMAT = "dwarf-with-dsym";
				ENABLE_NS_ASSERTIONS = NO;
				ENABLE_STRICT_OBJC_MSGSEND = YES;
				GCC_C_LANGUAGE_STANDARD = gnu99;
				GCC_NO_COMMON_BLOCKS = YES;
				GCC_WARN_64_TO_32_BIT_CONVERSION = YES;
				GCC_WARN_ABOUT_RETURN_TYPE = YES_ERROR;
				GCC_WARN_UNDECLARED_SELECTOR = YES;
				GCC_WARN_UNINITIALIZED_AUTOS = YES_AGGRESSIVE;
				GCC_WARN_UNUSED_FUNCTION = YES;
				GCC_WARN_UNUSED_VARIABLE = YES;
				IPHONEOS_DEPLOYMENT_TARGET = 9.0;
				MTL_ENABLE_DEBUG_INFO = NO;
				SDKROOT = iphoneos;
				TARGETED_DEVICE_FAMILY = "1,2";
				VALIDATE_PRODUCT = YES;
			};
			name = Release;
		};
		A2D47C0C1BD73A330048D9C7 /* Debug */ = {
			isa = XCBuildConfiguration;
			buildSettings = {
				ASSETCATALOG_COMPILER_APPICON_NAME = AppIcon;
				CODE_SIGN_IDENTITY = "iPhone Developer";
				"CODE_SIGN_IDENTITY[sdk=iphoneos*]" = "iPhone Developer";
				INFOPLIST_FILE = Mooltz/Info.plist;
				LD_RUNPATH_SEARCH_PATHS = "$(inherited) @executable_path/Frameworks";
				PRODUCT_BUNDLE_IDENTIFIER = jukster.Mooltz;
				PRODUCT_NAME = "$(TARGET_NAME)";
				PROVISIONING_PROFILE = "";
			};
			name = Debug;
		};
		A2D47C0D1BD73A330048D9C7 /* Release */ = {
			isa = XCBuildConfiguration;
			buildSettings = {
				ASSETCATALOG_COMPILER_APPICON_NAME = AppIcon;
				CODE_SIGN_IDENTITY = "iPhone Developer";
				"CODE_SIGN_IDENTITY[sdk=iphoneos*]" = "iPhone Developer";
				INFOPLIST_FILE = Mooltz/Info.plist;
				LD_RUNPATH_SEARCH_PATHS = "$(inherited) @executable_path/Frameworks";
				PRODUCT_BUNDLE_IDENTIFIER = jukster.Mooltz;
				PRODUCT_NAME = "$(TARGET_NAME)";
				PROVISIONING_PROFILE = "";
			};
			name = Release;
		};
/* End XCBuildConfiguration section */

/* Begin XCConfigurationList section */
		A2D47BF41BD73A330048D9C7 /* Build configuration list for PBXProject "Mooltz" */ = {
			isa = XCConfigurationList;
			buildConfigurations = (
				A2D47C091BD73A330048D9C7 /* Debug */,
				A2D47C0A1BD73A330048D9C7 /* Release */,
			);
			defaultConfigurationIsVisible = 0;
			defaultConfigurationName = Release;
		};
		A2D47C0B1BD73A330048D9C7 /* Build configuration list for PBXNativeTarget "Mooltz" */ = {
			isa = XCConfigurationList;
			buildConfigurations = (
				A2D47C0C1BD73A330048D9C7 /* Debug */,
				A2D47C0D1BD73A330048D9C7 /* Release */,
			);
			defaultConfigurationIsVisible = 0;
			defaultConfigurationName = Release;
		};
/* End XCConfigurationList section */
	};
	rootObject = A2D47BF11BD73A330048D9C7 /* Project object */;
}
